{
  "name": "gulp-shrinkwrap",
  "version": "1.0.1",
  "dependencies": {
    "bluebird": {
      "version": "2.9.14",
      "from": "bluebird@2.9.14"
    },
    "graceful-fs": {
      "version": "3.0.6",
      "from": "graceful-fs@3.0.6"
    },
    "gulp-util": {
      "version": "3.0.4",
      "from": "gulp-util@3.0.4",
      "dependencies": {
        "array-differ": {
          "version": "1.0.0",
          "from": "array-differ@>=1.0.0 <2.0.0"
        },
        "array-uniq": {
          "version": "1.0.2",
          "from": "array-uniq@>=1.0.2 <2.0.0"
        },
        "beeper": {
          "version": "1.0.0",
          "from": "beeper@>=1.0.0 <2.0.0"
        },
        "chalk": {
          "version": "1.0.0",
          "from": "chalk@>=1.0.0 <2.0.0",
          "dependencies": {
            "ansi-styles": {
              "version": "2.0.1",
              "from": "ansi-styles@>=2.0.1 <3.0.0"
            },
            "escape-string-regexp": {
              "version": "1.0.3",
              "from": "escape-string-regexp@>=1.0.0 <2.0.0"
            },
            "has-ansi": {
              "version": "1.0.3",
              "from": "has-ansi@>=1.0.3 <2.0.0",
              "dependencies": {
                "ansi-regex": {
                  "version": "1.1.1",
                  "from": "ansi-regex@>=1.1.0 <2.0.0"
                },
                "get-stdin": {
                  "version": "4.0.1",
                  "from": "get-stdin@>=4.0.1 <5.0.0"
                }
              }
            },
            "strip-ansi": {
              "version": "2.0.1",
              "from": "strip-ansi@>=2.0.1 <3.0.0",
              "dependencies": {
                "ansi-regex": {
                  "version": "1.1.1",
                  "from": "ansi-regex@>=1.1.0 <2.0.0"
                }
              }
            },
            "supports-color": {
              "version": "1.3.0",
              "from": "supports-color@>=1.3.0 <2.0.0"
            }
          }
        },
        "dateformat": {
          "version": "1.0.11",
          "from": "dateformat@>=1.0.11 <2.0.0",
          "dependencies": {
            "get-stdin": {
              "version": "4.0.1",
              "from": "get-stdin@*"
            },
            "meow": {
              "version": "3.1.0",
              "from": "meow@*",
              "dependencies": {
                "camelcase-keys": {
                  "version": "1.0.0",
                  "from": "camelcase-keys@>=1.0.0 <2.0.0",
                  "dependencies": {
                    "camelcase": {
                      "version": "1.0.2",
                      "from": "camelcase@>=1.0.1 <2.0.0"
                    },
                    "map-obj": {
                      "version": "1.0.0",
                      "from": "map-obj@>=1.0.0 <2.0.0"
                    }
                  }
                },
                "indent-string": {
                  "version": "1.2.1",
                  "from": "indent-string@>=1.1.0 <2.0.0",
                  "dependencies": {
                    "repeating": {
                      "version": "1.1.2",
                      "from": "repeating@>=1.1.0 <2.0.0",
                      "dependencies": {
                        "is-finite": {
                          "version": "1.0.0",
                          "from": "is-finite@>=1.0.0 <2.0.0"
                        }
                      }
                    }
                  }
                }
              }
            }
          }
        },
        "lodash._reescape": {
          "version": "3.0.0",
          "from": "lodash._reescape@>=3.0.0 <4.0.0"
        },
        "lodash._reevaluate": {
          "version": "3.0.0",
          "from": "lodash._reevaluate@>=3.0.0 <4.0.0"
        },
        "lodash._reinterpolate": {
          "version": "3.0.0",
          "from": "lodash._reinterpolate@>=3.0.0 <4.0.0"
        },
        "lodash.template": {
          "version": "3.3.2",
          "from": "lodash.template@>=3.0.0 <4.0.0",
          "dependencies": {
            "lodash._basecopy": {
              "version": "3.0.0",
              "from": "lodash._basecopy@>=3.0.0 <4.0.0"
            },
            "lodash._basetostring": {
              "version": "3.0.0",
              "from": "lodash._basetostring@>=3.0.0 <4.0.0"
            },
            "lodash._basevalues": {
              "version": "3.0.0",
              "from": "lodash._basevalues@>=3.0.0 <4.0.0"
            },
            "lodash._isiterateecall": {
              "version": "3.0.4",
              "from": "lodash._isiterateecall@>=3.0.0 <4.0.0"
            },
            "lodash.escape": {
              "version": "3.0.0",
              "from": "lodash.escape@>=3.0.0 <4.0.0"
            },
            "lodash.keys": {
              "version": "3.0.4",
              "from": "lodash.keys@>=3.0.0 <4.0.0",
              "dependencies": {
                "lodash.isarguments": {
                  "version": "3.0.0",
                  "from": "lodash.isarguments@>=3.0.0 <4.0.0"
                },
                "lodash.isarray": {
                  "version": "3.0.0",
                  "from": "lodash.isarray@>=3.0.0 <4.0.0"
                },
                "lodash.isnative": {
                  "version": "3.0.0",
                  "from": "lodash.isnative@>=3.0.0 <4.0.0"
                }
              }
            },
            "lodash.templatesettings": {
              "version": "3.1.0",
              "from": "lodash.templatesettings@>=3.0.0 <4.0.0"
            }
          }
        },
        "minimist": {
          "version": "1.1.1",
          "from": "minimist@>=1.1.0 <2.0.0"
        },
        "multipipe": {
          "version": "0.1.2",
          "from": "multipipe@>=0.1.2 <0.2.0",
          "dependencies": {
            "duplexer2": {
              "version": "0.0.2",
              "from": "duplexer2@0.0.2",
              "dependencies": {
                "readable-stream": {
                  "version": "1.1.13",
                  "from": "readable-stream@>=1.1.9 <1.2.0",
                  "dependencies": {
                    "core-util-is": {
                      "version": "1.0.1",
                      "from": "core-util-is@>=1.0.0 <1.1.0"
                    },
                    "isarray": {
                      "version": "0.0.1",
                      "from": "isarray@0.0.1"
                    },
                    "string_decoder": {
                      "version": "0.10.31",
                      "from": "string_decoder@>=0.10.0 <0.11.0"
                    },
                    "inherits": {
                      "version": "2.0.1",
                      "from": "inherits@>=2.0.1 <2.1.0"
                    }
                  }
                }
              }
            }
          }
        },
        "object-assign": {
          "version": "2.0.0",
          "from": "object-assign@>=2.0.0 <3.0.0"
        },
        "replace-ext": {
          "version": "0.0.1",
          "from": "replace-ext@0.0.1"
        },
        "vinyl": {
          "version": "0.4.6",
          "from": "vinyl@>=0.4.3 <0.5.0",
          "dependencies": {
            "clone": {
              "version": "0.2.0",
              "from": "clone@>=0.2.0 <0.3.0"
            },
            "clone-stats": {
              "version": "0.0.1",
              "from": "clone-stats@>=0.0.1 <0.0.2"
            }
          }
        }
      }
    },
    "lodash": {
      "version": "3.1.0",
      "from": "lodash@3.1.0"
    },
    "npm": {
      "version": "2.7.0",
      "from": "npm@2.7.0",
      "dependencies": {
        "abbrev": {
          "version": "1.0.5",
          "from": "abbrev@latest"
        },
        "ansi": {
          "version": "0.3.0",
          "from": "ansi@latest"
        },
        "ansicolors": {
          "version": "0.3.2",
          "from": "ansicolors@latest"
        },
        "ansistyles": {
          "version": "0.1.3",
          "from": "ansistyles@0.1.3"
        },
        "archy": {
          "version": "1.0.0",
          "from": "archy@>=1.0.0 <2.0.0"
        },
        "async-some": {
          "version": "1.0.1",
          "from": "async-some@>=1.0.1-0 <2.0.0-0"
        },
        "block-stream": {
          "version": "0.0.7",
          "from": "block-stream@latest"
        },
        "char-spinner": {
          "version": "1.0.1",
          "from": "char-spinner@latest"
        },
        "child-process-close": {
          "version": "0.1.1",
          "from": "child-process-close@"
        },
        "chmodr": {
          "version": "0.1.0",
          "from": "chmodr@latest"
        },
        "chownr": {
          "version": "0.0.1",
          "from": "../chownr"
        },
        "cmd-shim": {
          "version": "2.0.1",
          "from": "cmd-shim@>=2.0.1-0 <3.0.0-0"
        },
        "columnify": {
          "version": "1.4.1",
          "from": "columnify@>=1.4.1 <1.5.0",
          "dependencies": {
            "strip-ansi": {
              "version": "2.0.1",
              "from": "strip-ansi@>=2.0.0 <3.0.0",
              "dependencies": {
                "ansi-regex": {
                  "version": "1.1.0",
                  "from": "ansi-regex@>=1.0.0 <2.0.0"
                }
              }
            },
            "wcwidth": {
              "version": "1.0.0",
              "from": "wcwidth@>=1.0.0 <2.0.0",
              "dependencies": {
                "defaults": {
                  "version": "1.0.0",
                  "from": "defaults@>=1.0.0 <2.0.0",
                  "dependencies": {
                    "clone": {
                      "version": "0.1.19",
                      "from": "clone@>=0.1.5 <0.2.0"
                    }
                  }
                }
              }
            }
          }
        },
        "config-chain": {
          "version": "1.1.8",
          "from": "config-chain@^1.1.8",
          "dependencies": {
            "proto-list": {
              "version": "1.2.3",
              "from": "proto-list@~1.2.1"
            }
          }
        },
        "dezalgo": {
          "version": "1.0.1",
          "from": "dezalgo@latest",
          "dependencies": {
            "asap": {
              "version": "1.0.0",
              "from": "asap@>=1.0.0 <2.0.0"
            }
          }
        },
        "editor": {
          "version": "0.1.0",
          "from": "editor@latest"
        },
        "fs-vacuum": {
          "version": "1.2.5",
          "from": "fs-vacuum@~1.2.5"
        },
        "fs-write-stream-atomic": {
          "version": "1.0.2",
          "from": "fs-write-stream-atomic@>=1.0.2 <1.1.0"
        },
        "fstream": {
          "version": "1.0.4",
          "from": "fstream@>=1.0.4 <1.1.0"
        },
        "fstream-npm": {
          "version": "1.0.1",
          "from": "fstream-npm@1.0.1",
          "dependencies": {
            "fstream-ignore": {
              "version": "1.0.2",
              "from": "fstream-ignore@>=1.0.0 <2.0.0"
            }
          }
        },
        "github-url-from-git": {
          "version": "1.4.0",
          "from": "github-url-from-git@>=1.4.0-0 <2.0.0-0"
        },
        "github-url-from-username-repo": {
          "version": "1.0.2",
          "from": "github-url-from-username-repo@>=1.0.2-0 <2.0.0-0"
        },
        "glob": {
          "version": "4.4.1",
          "from": "glob@>=4.4.1 <4.5.0"
        },
        "graceful-fs": {
          "version": "3.0.5",
          "from": "graceful-fs@>=3.0.5 <3.1.0"
        },
        "inflight": {
          "version": "1.0.4",
          "from": "inflight@>=1.0.4 <1.1.0"
        },
        "inherits": {
          "version": "2.0.1",
          "from": "inherits@latest"
        },
        "ini": {
          "version": "1.3.3",
          "from": "ini@>=1.3.1 <1.4.0"
        },
        "init-package-json": {
          "version": "1.3.0",
          "from": "init-package-json@>=1.3.0 <1.4.0",
          "dependencies": {
            "promzard": {
              "version": "0.2.2",
              "from": "promzard@>=0.2.0 <0.3.0"
            }
          }
        },
        "lockfile": {
          "version": "1.0.0",
          "from": "lockfile@1.0.0"
        },
        "lru-cache": {
          "version": "2.5.0",
          "from": "lru-cache@latest"
        },
        "minimatch": {
          "version": "2.0.1",
          "from": "minimatch@>=2.0.1 <2.1.0",
          "dependencies": {
            "brace-expansion": {
              "version": "1.0.1",
              "from": "brace-expansion@>=1.0.0 <2.0.0",
              "dependencies": {
                "balanced-match": {
                  "version": "0.2.0",
                  "from": "balanced-match@>=0.2.0 <0.3.0"
                },
                "concat-map": {
                  "version": "0.0.0",
                  "from": "concat-map@0.0.0"
                }
              }
            }
          }
        },
        "mkdirp": {
          "version": "0.5.0",
          "from": "mkdirp@latest",
          "dependencies": {
            "minimist": {
              "version": "0.0.8",
              "from": "minimist@0.0.8"
            }
          }
        },
        "node-gyp": {
          "version": "1.0.2",
          "from": "node-gyp@>=1.0.2 <1.1.0",
          "dependencies": {
            "minimatch": {
              "version": "1.0.0",
              "from": "minimatch@>=1.0.0 <2.0.0",
              "dependencies": {
                "sigmund": {
                  "version": "1.0.0",
                  "from": "sigmund@>=1.0.0 <1.1.0"
                }
              }
            }
          }
        },
        "nopt": {
          "version": "3.0.1",
          "from": "nopt@latest"
        },
        "normalize-git-url": {
          "version": "1.0.0",
          "from": "normalize-git-url@>=1.0.0 <1.1.0"
        },
        "normalize-package-data": {
          "version": "1.0.3",
          "from": "normalize-package-data@>=1.0.3 <1.1.0"
        },
        "npm-cache-filename": {
          "version": "1.0.1",
          "from": "npm-cache-filename@latest"
        },
        "npm-install-checks": {
          "version": "1.0.5",
          "from": "npm-install-checks@>=1.0.5 <1.1.0"
        },
        "npm-package-arg": {
          "version": "2.1.3",
          "from": "npm-package-arg@~2.1.3"
        },
        "npm-registry-client": {
          "version": "6.1.1",
          "from": "npm-registry-client@>=6.1.1 <6.2.0",
          "dependencies": {
            "concat-stream": {
              "version": "1.4.7",
              "from": "concat-stream@>=1.4.6 <2.0.0",
              "dependencies": {
                "typedarray": {
                  "version": "0.0.6",
                  "from": "typedarray@>=0.0.5 <0.1.0"
                },
                "readable-stream": {
                  "version": "1.1.13",
                  "from": "readable-stream@>=1.1.9 <1.2.0",
                  "dependencies": {
                    "core-util-is": {
                      "version": "1.0.1",
                      "from": "core-util-is@>=1.0.0 <1.1.0"
                    },
                    "isarray": {
                      "version": "0.0.1",
                      "from": "isarray@0.0.1"
                    },
                    "string_decoder": {
                      "version": "0.10.31",
                      "from": "string_decoder@>=0.10.0 <0.11.0"
                    }
                  }
                }
              }
            },
            "npm-package-arg": {
              "version": "3.1.0",
              "from": "npm-package-arg@>=3.0.0 <4.0.0",
              "dependencies": {
                "hosted-git-info": {
                  "version": "1.5.3",
                  "from": "hosted-git-info@>=1.5.3 <2.0.0"
                }
              }
            }
          }
        },
        "npm-user-validate": {
          "version": "0.1.1",
          "from": "npm-user-validate@>=0.1.1 <0.2.0"
        },
        "npmlog": {
          "version": "0.1.1",
          "from": "npmlog@latest"
        },
        "once": {
          "version": "1.3.1",
          "from": "once@>=1.3.1 <2.0.0"
        },
        "opener": {
          "version": "1.4.0",
          "from": "opener@>=1.4.0 <1.5.0"
        },
        "osenv": {
          "version": "0.1.0",
          "from": "osenv@~0.1.0"
        },
        "path-is-inside": {
          "version": "1.0.1",
          "from": "path-is-inside@1.0.1"
        },
        "read": {
          "version": "1.0.5",
          "from": "read@latest",
          "dependencies": {
            "mute-stream": {
              "version": "0.0.4",
              "from": "mute-stream@~0.0.4"
            }
          }
        },
        "read-installed": {
          "version": "3.1.5",
          "from": "read-installed@>=3.1.5 <3.2.0",
          "dependencies": {
            "debuglog": {
              "version": "1.0.1",
              "from": "debuglog@>=1.0.1 <2.0.0"
            },
            "readdir-scoped-modules": {
              "version": "1.0.1",
              "from": "readdir-scoped-modules@>=1.0.0 <2.0.0"
            },
            "util-extend": {
              "version": "1.0.1",
              "from": "util-extend@>=1.0.1 <2.0.0"
            }
          }
        },
        "read-package-json": {
          "version": "1.3.1",
          "from": "read-package-json@1.3.1"
        },
        "readable-stream": {
          "version": "1.0.33",
          "from": "readable-stream@>=1.0.33 <1.1.0",
          "dependencies": {
            "core-util-is": {
              "version": "1.0.1",
              "from": "core-util-is@>=1.0.0 <1.1.0"
            },
            "isarray": {
              "version": "0.0.1",
              "from": "isarray@0.0.1"
            },
            "string_decoder": {
              "version": "0.10.31",
              "from": "string_decoder@>=0.10.0 <0.11.0"
            }
          }
        },
        "realize-package-specifier": {
          "version": "1.3.0",
          "from": "realize-package-specifier@~1.3.0"
        },
        "request": {
          "version": "2.53.0",
          "from": "request@>=2.53.0 <2.54.0",
          "dependencies": {
            "bl": {
              "version": "0.9.4",
              "from": "bl@>=0.9.0 <0.10.0"
            },
            "caseless": {
              "version": "0.9.0",
              "from": "caseless@>=0.9.0 <0.10.0"
            },
            "forever-agent": {
              "version": "0.5.2",
              "from": "forever-agent@>=0.5.0 <0.6.0"
            },
            "form-data": {
              "version": "0.2.0",
              "from": "form-data@>=0.2.0 <0.3.0",
              "dependencies": {
                "async": {
                  "version": "0.9.0",
                  "from": "async@>=0.9.0 <0.10.0"
                }
              }
            },
            "json-stringify-safe": {
              "version": "5.0.0",
              "from": "json-stringify-safe@>=5.0.0 <5.1.0"
            },
            "mime-types": {
              "version": "2.0.8",
              "from": "mime-types@>=2.0.1 <2.1.0",
              "dependencies": {
                "mime-db": {
                  "version": "1.6.1",
                  "from": "mime-db@>=1.6.0 <1.7.0"
                }
              }
            },
            "node-uuid": {
              "version": "1.4.2",
              "from": "node-uuid@>=1.4.0 <1.5.0"
            },
            "qs": {
              "version": "2.3.3",
              "from": "qs@>=2.3.1 <2.4.0"
            },
            "tunnel-agent": {
              "version": "0.4.0",
              "from": "tunnel-agent@>=0.4.0 <0.5.0"
            },
            "tough-cookie": {
              "version": "0.12.1",
              "from": "tough-cookie@>=0.12.0",
              "dependencies": {
                "punycode": {
                  "version": "1.3.2",
                  "from": "punycode@>=0.2.0"
                }
              }
            },
            "http-signature": {
              "version": "0.10.1",
              "from": "http-signature@>=0.10.0 <0.11.0",
              "dependencies": {
                "assert-plus": {
                  "version": "0.1.5",
                  "from": "assert-plus@>=0.1.5 <0.2.0"
                },
                "asn1": {
                  "version": "0.1.11",
                  "from": "asn1@0.1.11"
                },
                "ctype": {
                  "version": "0.5.3",
                  "from": "ctype@0.5.3"
                }
              }
            },
            "oauth-sign": {
              "version": "0.6.0",
              "from": "oauth-sign@>=0.6.0 <0.7.0"
            },
            "hawk": {
              "version": "2.3.1",
              "from": "hawk@>=2.3.0 <2.4.0",
              "dependencies": {
                "hoek": {
                  "version": "2.11.0",
                  "from": "hoek@>=2.0.0 <3.0.0"
                },
                "boom": {
                  "version": "2.6.1",
                  "from": "boom@>=2.0.0 <3.0.0"
                },
                "cryptiles": {
                  "version": "2.0.4",
                  "from": "cryptiles@>=2.0.0 <3.0.0"
                },
                "sntp": {
                  "version": "1.0.9",
                  "from": "sntp@>=1.0.0 <2.0.0"
                }
              }
            },
            "aws-sign2": {
              "version": "0.5.0",
              "from": "aws-sign2@>=0.5.0 <0.6.0"
            },
            "stringstream": {
              "version": "0.0.4",
              "from": "stringstream@>=0.0.4 <0.1.0"
            },
            "combined-stream": {
              "version": "0.0.7",
              "from": "combined-stream@>=0.0.5 <0.1.0",
              "dependencies": {
                "delayed-stream": {
                  "version": "0.0.5",
                  "from": "delayed-stream@0.0.5"
                }
              }
            },
            "isstream": {
              "version": "0.1.1",
              "from": "isstream@>=0.1.1 <0.2.0"
            }
          }
        },
        "retry": {
          "version": "0.6.1",
          "from": "retry@>=0.6.1 <0.7.0"
        },
        "rimraf": {
          "version": "2.2.8",
          "from": "rimraf@latest"
        },
        "semver": {
          "version": "4.3.1",
          "from": "semver@>=4.3.1 <4.4.0"
        },
        "sha": {
          "version": "1.3.0",
          "from": "sha@>=1.3.0 <1.4.0",
          "dependencies": {
            "readable-stream": {
              "version": "1.1.13",
              "from": "readable-stream@>=1.1.0 <1.2.0",
              "dependencies": {
                "core-util-is": {
                  "version": "1.0.1",
                  "from": "core-util-is@>=1.0.0 <1.1.0"
                },
                "isarray": {
                  "version": "0.0.1",
                  "from": "isarray@0.0.1"
                },
                "string_decoder": {
                  "version": "0.10.31",
                  "from": "string_decoder@>=0.10.0 <0.11.0"
                }
              }
            }
          }
        },
        "slide": {
          "version": "1.1.6",
          "from": "slide@>=1.1.6 <1.2.0"
        },
        "sorted-object": {
          "version": "1.0.0",
          "from": "sorted-object@"
        },
        "tar": {
          "version": "1.0.3",
          "from": "tar@>=1.0.3 <1.1.0"
        },
        "text-table": {
          "version": "0.2.0",
          "from": "text-table@~0.2.0"
        },
        "uid-number": {
          "version": "0.0.6",
          "from": "uid-number@>=0.0.6 <0.1.0"
        },
        "umask": {
          "version": "1.1.0",
          "from": "umask@>=1.1.0 <1.2.0"
        },
        "which": {
          "version": "1.0.9",
          "from": "which@>=1.0.9 <1.1.0"
        },
        "wrappy": {
          "version": "1.0.1",
          "from": "wrappy@1.0.1"
        },
        "write-file-atomic": {
          "version": "1.1.0",
          "from": "write-file-atomic@>=1.1.0 <2.0.0"
        }
      }
    },
    "through2": {
      "version": "0.6.3",
      "from": "through2@0.6.3",
      "dependencies": {
        "readable-stream": {
          "version": "1.0.33",
          "from": "readable-stream@>=1.0.33-1 <1.1.0-0",
          "dependencies": {
            "core-util-is": {
              "version": "1.0.1",
              "from": "core-util-is@>=1.0.0 <1.1.0"
            },
            "isarray": {
              "version": "0.0.1",
              "from": "isarray@0.0.1"
            },
            "string_decoder": {
              "version": "0.10.31",
              "from": "string_decoder@>=0.10.0 <0.11.0"
            },
            "inherits": {
              "version": "2.0.1",
              "from": "inherits@>=2.0.1 <2.1.0"
            }
          }
        },
        "xtend": {
          "version": "4.0.0",
          "from": "xtend@>=4.0.0 <4.1.0-0"
        }
      }
    }
  }
}